// !$*UTF8*$!
{
	archiveVersion = 1;
	classes = {
	};
	objectVersion = 50;
	objects = {

/* Begin PBXBuildFile section */
		BE0DC33524D15172006F1AF1 /* RSAViewController.m in Sources */ = {isa = PBXBuildFile; fileRef = BE0DC33424D15172006F1AF1 /* RSAViewController.m */; };
		BE0DC33824D15738006F1AF1 /* RSA.m in Sources */ = {isa = PBXBuildFile; fileRef = BE0DC33724D15738006F1AF1 /* RSA.m */; };
		BE0DC33B24D15889006F1AF1 /* Security.framework in Frameworks */ = {isa = PBXBuildFile; fileRef = BE0DC33A24D15889006F1AF1 /* Security.framework */; };
		BE8BCBDC245EA4B800E0C997 /* Utils.m in Sources */ = {isa = PBXBuildFile; fileRef = BE8BCBDA245EA4B700E0C997 /* Utils.m */; };
		E894D7A8212BBE9000ABF77E /* AppDelegate.swift in Sources */ = {isa = PBXBuildFile; fileRef = E894D7A7212BBE9000ABF77E /* AppDelegate.swift */; };
		E894D7AA212BBE9000ABF77E /* ViewController.swift in Sources */ = {isa = PBXBuildFile; fileRef = E894D7A9212BBE9000ABF77E /* ViewController.swift */; };
		E894D7AC212BBE9200ABF77E /* Assets.xcassets in Resources */ = {isa = PBXBuildFile; fileRef = E894D7AB212BBE9200ABF77E /* Assets.xcassets */; };
		E894D7AF212BBE9200ABF77E /* Main.storyboard in Resources */ = {isa = PBXBuildFile; fileRef = E894D7AD212BBE9200ABF77E /* Main.storyboard */; };
/* End PBXBuildFile section */

/* Begin PBXCopyFilesBuildPhase section */
		E89210F12255F82F002AA282 /* Embed Libraries */ = {
			isa = PBXCopyFilesBuildPhase;
			buildActionMask = 2147483647;
			dstPath = "";
			dstSubfolderSpec = 10;
			files = (
			);
			name = "Embed Libraries";
			runOnlyForDeploymentPostprocessing = 0;
		};
/* End PBXCopyFilesBuildPhase section */

/* Begin PBXFileReference section */
		BE0DC33324D15172006F1AF1 /* RSAViewController.h */ = {isa = PBXFileReference; lastKnownFileType = sourcecode.c.h; path = RSAViewController.h; sourceTree = "<group>"; };
		BE0DC33424D15172006F1AF1 /* RSAViewController.m */ = {isa = PBXFileReference; lastKnownFileType = sourcecode.c.objc; path = RSAViewController.m; sourceTree = "<group>"; };
		BE0DC33624D15738006F1AF1 /* RSA.h */ = {isa = PBXFileReference; lastKnownFileType = sourcecode.c.h; path = RSA.h; sourceTree = "<group>"; };
		BE0DC33724D15738006F1AF1 /* RSA.m */ = {isa = PBXFileReference; lastKnownFileType = sourcecode.c.objc; path = RSA.m; sourceTree = "<group>"; };
		BE0DC33A24D15889006F1AF1 /* Security.framework */ = {isa = PBXFileReference; lastKnownFileType = wrapper.framework; name = Security.framework; path = System/Library/Frameworks/Security.framework; sourceTree = SDKROOT; };
		BE8BCBDA245EA4B700E0C997 /* Utils.m */ = {isa = PBXFileReference; fileEncoding = 4; lastKnownFileType = sourcecode.c.objc; path = Utils.m; sourceTree = "<group>"; };
		BE8BCBDB245EA4B800E0C997 /* Utils.h */ = {isa = PBXFileReference; fileEncoding = 4; lastKnownFileType = sourcecode.c.h; path = Utils.h; sourceTree = "<group>"; };
		E894D7A4212BBE9000ABF77E /* Konverter.app */ = {isa = PBXFileReference; explicitFileType = wrapper.application; includeInIndex = 0; path = Konverter.app; sourceTree = BUILT_PRODUCTS_DIR; };
		E894D7A7212BBE9000ABF77E /* AppDelegate.swift */ = {isa = PBXFileReference; lastKnownFileType = sourcecode.swift; path = AppDelegate.swift; sourceTree = "<group>"; };
		E894D7A9212BBE9000ABF77E /* ViewController.swift */ = {isa = PBXFileReference; lastKnownFileType = sourcecode.swift; path = ViewController.swift; sourceTree = "<group>"; };
		E894D7AB212BBE9200ABF77E /* Assets.xcassets */ = {isa = PBXFileReference; lastKnownFileType = folder.assetcatalog; path = Assets.xcassets; sourceTree = "<group>"; };
		E894D7AE212BBE9200ABF77E /* Base */ = {isa = PBXFileReference; lastKnownFileType = file.storyboard; name = Base; path = Base.lproj/Main.storyboard; sourceTree = "<group>"; };
		E894D7B0212BBE9200ABF77E /* Info.plist */ = {isa = PBXFileReference; lastKnownFileType = text.plist.xml; path = Info.plist; sourceTree = "<group>"; };
		E894D7B1212BBE9200ABF77E /* Konverter.entitlements */ = {isa = PBXFileReference; lastKnownFileType = text.plist.entitlements; path = Konverter.entitlements; sourceTree = "<group>"; };
		E89F7F2C212E59F30008CD71 /* Konverter-Bridging-Header.h */ = {isa = PBXFileReference; lastKnownFileType = sourcecode.c.h; path = "Konverter-Bridging-Header.h"; sourceTree = "<group>"; };
/* End PBXFileReference section */

/* Begin PBXFrameworksBuildPhase section */
		E894D7A1212BBE9000ABF77E /* Frameworks */ = {
			isa = PBXFrameworksBuildPhase;
			buildActionMask = 2147483647;
			files = (
				BE0DC33B24D15889006F1AF1 /* Security.framework in Frameworks */,
			);
			runOnlyForDeploymentPostprocessing = 0;
		};
/* End PBXFrameworksBuildPhase section */

/* Begin PBXGroup section */
		BE0DC33924D15889006F1AF1 /* Frameworks */ = {
			isa = PBXGroup;
			children = (
				BE0DC33A24D15889006F1AF1 /* Security.framework */,
			);
			name = Frameworks;
			sourceTree = "<group>";
		};
		E894D79B212BBE9000ABF77E = {
			isa = PBXGroup;
			children = (
				E894D7A6212BBE9000ABF77E /* Konverter */,
				E894D7A5212BBE9000ABF77E /* Products */,
				BE0DC33924D15889006F1AF1 /* Frameworks */,
			);
			sourceTree = "<group>";
		};
		E894D7A5212BBE9000ABF77E /* Products */ = {
			isa = PBXGroup;
			children = (
				E894D7A4212BBE9000ABF77E /* Konverter.app */,
			);
			name = Products;
			sourceTree = "<group>";
		};
		E894D7A6212BBE9000ABF77E /* Konverter */ = {
			isa = PBXGroup;
			children = (
				E894D7A7212BBE9000ABF77E /* AppDelegate.swift */,
				E894D7A9212BBE9000ABF77E /* ViewController.swift */,
				BE0DC33324D15172006F1AF1 /* RSAViewController.h */,
				BE0DC33424D15172006F1AF1 /* RSAViewController.m */,
				BE8BCBDB245EA4B800E0C997 /* Utils.h */,
				BE8BCBDA245EA4B700E0C997 /* Utils.m */,
				BE0DC33624D15738006F1AF1 /* RSA.h */,
				BE0DC33724D15738006F1AF1 /* RSA.m */,
				E894D7AB212BBE9200ABF77E /* Assets.xcassets */,
				E894D7AD212BBE9200ABF77E /* Main.storyboard */,
				E894D7B0212BBE9200ABF77E /* Info.plist */,
				E894D7B1212BBE9200ABF77E /* Konverter.entitlements */,
				E89F7F2C212E59F30008CD71 /* Konverter-Bridging-Header.h */,
			);
			path = Konverter;
			sourceTree = "<group>";
		};
/* End PBXGroup section */

/* Begin PBXNativeTarget section */
		E894D7A3212BBE9000ABF77E /* Konverter */ = {
			isa = PBXNativeTarget;
			buildConfigurationList = E894D7B4212BBE9200ABF77E /* Build configuration list for PBXNativeTarget "Konverter" */;
			buildPhases = (
				E894D7A0212BBE9000ABF77E /* Sources */,
				E894D7A1212BBE9000ABF77E /* Frameworks */,
				E894D7A2212BBE9000ABF77E /* Resources */,
				E89210F12255F82F002AA282 /* Embed Libraries */,
			);
			buildRules = (
			);
			dependencies = (
			);
			name = Konverter;
			productName = URL;
			productReference = E894D7A4212BBE9000ABF77E /* Konverter.app */;
			productType = "com.apple.product-type.application";
		};
/* End PBXNativeTarget section */

/* Begin PBXProject section */
		E894D79C212BBE9000ABF77E /* Project object */ = {
			isa = PBXProject;
			attributes = {
				LastSwiftUpdateCheck = 0940;
				LastUpgradeCheck = 0940;
				ORGANIZATIONNAME = Youssef;
				TargetAttributes = {
					E894D7A3212BBE9000ABF77E = {
						CreatedOnToolsVersion = 9.4.1;
						LastSwiftMigration = 0940;
					};
				};
			};
			buildConfigurationList = E894D79F212BBE9000ABF77E /* Build configuration list for PBXProject "Konverter" */;
			compatibilityVersion = "Xcode 9.3";
			developmentRegion = en;
			hasScannedForEncodings = 0;
			knownRegions = (
				en,
				Base,
			);
			mainGroup = E894D79B212BBE9000ABF77E;
			productRefGroup = E894D7A5212BBE9000ABF77E /* Products */;
			projectDirPath = "";
			projectRoot = "";
			targets = (
				E894D7A3212BBE9000ABF77E /* Konverter */,
			);
		};
/* End PBXProject section */

/* Begin PBXResourcesBuildPhase section */
		E894D7A2212BBE9000ABF77E /* Resources */ = {
			isa = PBXResourcesBuildPhase;
			buildActionMask = 2147483647;
			files = (
				E894D7AC212BBE9200ABF77E /* Assets.xcassets in Resources */,
				E894D7AF212BBE9200ABF77E /* Main.storyboard in Resources */,
			);
			runOnlyForDeploymentPostprocessing = 0;
		};
/* End PBXResourcesBuildPhase section */

/* Begin PBXSourcesBuildPhase section */
		E894D7A0212BBE9000ABF77E /* Sources */ = {
			isa = PBXSourcesBuildPhase;
			buildActionMask = 2147483647;
			files = (
				BE8BCBDC245EA4B800E0C997 /* Utils.m in Sources */,
				BE0DC33824D15738006F1AF1 /* RSA.m in Sources */,
				E894D7AA212BBE9000ABF77E /* ViewController.swift in Sources */,
				E894D7A8212BBE9000ABF77E /* AppDelegate.swift in Sources */,
				BE0DC33524D15172006F1AF1 /* RSAViewController.m in Sources */,
			);
			runOnlyForDeploymentPostprocessing = 0;
		};
/* End PBXSourcesBuildPhase section */

/* Begin PBXVariantGroup section */
		E894D7AD212BBE9200ABF77E /* Main.storyboard */ = {
			isa = PBXVariantGroup;
			children = (
				E894D7AE212BBE9200ABF77E /* Base */,
			);
			name = Main.storyboard;
			sourceTree = "<group>";
		};
/* End PBXVariantGroup section */

/* Begin XCBuildConfiguration section */
		E894D7B2212BBE9200ABF77E /* Debug */ = {
			isa = XCBuildConfiguration;
			buildSettings = {
				ALWAYS_SEARCH_USER_PATHS = NO;
				CLANG_ANALYZER_NONNULL = YES;
				CLANG_ANALYZER_NUMBER_OBJECT_CONVERSION = YES_AGGRESSIVE;
				CLANG_CXX_LANGUAGE_STANDARD = "gnu++14";
				CLANG_CXX_LIBRARY = "libc++";
				CLANG_ENABLE_MODULES = YES;
				CLANG_ENABLE_OBJC_ARC = YES;
				CLANG_ENABLE_OBJC_WEAK = YES;
				CLANG_WARN_BLOCK_CAPTURE_AUTORELEASING = YES;
				CLANG_WARN_BOOL_CONVERSION = YES;
				CLANG_WARN_COMMA = YES;
				CLANG_WARN_CONSTANT_CONVERSION = YES;
				CLANG_WARN_DEPRECATED_OBJC_IMPLEMENTATIONS = YES;
				CLANG_WARN_DIRECT_OBJC_ISA_USAGE = YES_ERROR;
				CLANG_WARN_DOCUMENTATION_COMMENTS = YES;
				CLANG_WARN_EMPTY_BODY = YES;
				CLANG_WARN_ENUM_CONVERSION = YES;
				CLANG_WARN_INFINITE_RECURSION = YES;
				CLANG_WARN_INT_CONVERSION = YES;
				CLANG_WARN_NON_LITERAL_NULL_CONVERSION = YES;
				CLANG_WARN_OBJC_IMPLICIT_RETAIN_SELF = YES;
				CLANG_WARN_OBJC_LITERAL_CONVERSION = YES;
				CLANG_WARN_OBJC_ROOT_CLASS = YES_ERROR;
				CLANG_WARN_RANGE_LOOP_ANALYSIS = YES;
				CLANG_WARN_STRICT_PROTOTYPES = YES;
				CLANG_WARN_SUSPICIOUS_MOVE = YES;
				CLANG_WARN_UNGUARDED_AVAILABILITY = YES_AGGRESSIVE;
				CLANG_WARN_UNREACHABLE_CODE = YES;
				CLANG_WARN__DUPLICATE_METHOD_MATCH = YES;
				CODE_SIGN_IDENTITY = "Mac Developer";
				COPY_PHASE_STRIP = NO;
				DEBUG_INFORMATION_FORMAT = dwarf;
				ENABLE_STRICT_OBJC_MSGSEND = YES;
				ENABLE_TESTABILITY = YES;
				GCC_C_LANGUAGE_STANDARD = gnu11;
				GCC_DYNAMIC_NO_PIC = NO;
				GCC_NO_COMMON_BLOCKS = YES;
				GCC_OPTIMIZATION_LEVEL = 0;
				GCC_PREPROCESSOR_DEFINITIONS = (
					"DEBUG=1",
					"$(inherited)",
				);
				GCC_WARN_64_TO_32_BIT_CONVERSION = YES;
				GCC_WARN_ABOUT_RETURN_TYPE = YES_ERROR;
				GCC_WARN_UNDECLARED_SELECTOR = YES;
				GCC_WARN_UNINITIALIZED_AUTOS = YES_AGGRESSIVE;
				GCC_WARN_UNUSED_FUNCTION = YES;
				GCC_WARN_UNUSED_VARIABLE = YES;
				MACOSX_DEPLOYMENT_TARGET = 10.13;
				MTL_ENABLE_DEBUG_INFO = YES;
				ONLY_ACTIVE_ARCH = YES;
				SDKROOT = macosx;
				SWIFT_ACTIVE_COMPILATION_CONDITIONS = DEBUG;
				SWIFT_OPTIMIZATION_LEVEL = "-Onone";
			};
			name = Debug;
		};
		E894D7B3212BBE9200ABF77E /* Release */ = {
			isa = XCBuildConfiguration;
			buildSettings = {
				ALWAYS_SEARCH_USER_PATHS = NO;
				CLANG_ANALYZER_NONNULL = YES;
				CLANG_ANALYZER_NUMBER_OBJECT_CONVERSION = YES_AGGRESSIVE;
				CLANG_CXX_LANGUAGE_STANDARD = "gnu++14";
				CLANG_CXX_LIBRARY = "libc++";
				CLANG_ENABLE_MODULES = YES;
				CLANG_ENABLE_OBJC_ARC = YES;
				CLANG_ENABLE_OBJC_WEAK = YES;
				CLANG_WARN_BLOCK_CAPTURE_AUTORELEASING = YES;
				CLANG_WARN_BOOL_CONVERSION = YES;
				CLANG_WARN_COMMA = YES;
				CLANG_WARN_CONSTANT_CONVERSION = YES;
				CLANG_WARN_DEPRECATED_OBJC_IMPLEMENTATIONS = YES;
				CLANG_WARN_DIRECT_OBJC_ISA_USAGE = YES_ERROR;
				CLANG_WARN_DOCUMENTATION_COMMENTS = YES;
				CLANG_WARN_EMPTY_BODY = YES;
				CLANG_WARN_ENUM_CONVERSION = YES;
				CLANG_WARN_INFINITE_RECURSION = YES;
				CLANG_WARN_INT_CONVERSION = YES;
				CLANG_WARN_NON_LITERAL_NULL_CONVERSION = YES;
				CLANG_WARN_OBJC_IMPLICIT_RETAIN_SELF = YES;
				CLANG_WARN_OBJC_LITERAL_CONVERSION = YES;
				CLANG_WARN_OBJC_ROOT_CLASS = YES_ERROR;
				CLANG_WARN_RANGE_LOOP_ANALYSIS = YES;
				CLANG_WARN_STRICT_PROTOTYPES = YES;
				CLANG_WARN_SUSPICIOUS_MOVE = YES;
				CLANG_WARN_UNGUARDED_AVAILABILITY = YES_AGGRESSIVE;
				CLANG_WARN_UNREACHABLE_CODE = YES;
				CLANG_WARN__DUPLICATE_METHOD_MATCH = YES;
				CODE_SIGN_IDENTITY = "Mac Developer";
				COPY_PHASE_STRIP = NO;
				DEBUG_INFORMATION_FORMAT = "dwarf-with-dsym";
				ENABLE_NS_ASSERTIONS = NO;
				ENABLE_STRICT_OBJC_MSGSEND = YES;
				GCC_C_LANGUAGE_STANDARD = gnu11;
				GCC_NO_COMMON_BLOCKS = YES;
				GCC_WARN_64_TO_32_BIT_CONVERSION = YES;
				GCC_WARN_ABOUT_RETURN_TYPE = YES_ERROR;
				GCC_WARN_UNDECLARED_SELECTOR = YES;
				GCC_WARN_UNINITIALIZED_AUTOS = YES_AGGRESSIVE;
				GCC_WARN_UNUSED_FUNCTION = YES;
				GCC_WARN_UNUSED_VARIABLE = YES;
				MACOSX_DEPLOYMENT_TARGET = 10.13;
				MTL_ENABLE_DEBUG_INFO = NO;
				SDKROOT = macosx;
				SWIFT_COMPILATION_MODE = wholemodule;
				SWIFT_OPTIMIZATION_LEVEL = "-O";
			};
			name = Release;
		};
		E894D7B5212BBE9200ABF77E /* Debug */ = {
			isa = XCBuildConfiguration;
			buildSettings = {
				ASSETCATALOG_COMPILER_APPICON_NAME = AppIcon;
				CLANG_ENABLE_MODULES = YES;
				CODE_SIGN_ENTITLEMENTS = Konverter/Konverter.entitlements;
				CODE_SIGN_IDENTITY = "-";
				CODE_SIGN_STYLE = Automatic;
				COMBINE_HIDPI_IMAGES = YES;
				CURRENT_PROJECT_VERSION = 1;
				DEVELOPMENT_TEAM = XP8R7F7ZRC;
				INFOPLIST_FILE = Konverter/Info.plist;
				LD_RUNPATH_SEARCH_PATHS = (
					"$(inherited)",
					"@executable_path/../Frameworks",
				);
				LIBRARY_SEARCH_PATHS = (
					"$(inherited)",
					"$(PROJECT_DIR)/Konverter",
				);
				MACOSX_DEPLOYMENT_TARGET = 10.12;
				MARKETING_VERSION = 2.2;
				PRODUCT_BUNDLE_IDENTIFIER = MacOS.Konverter;
				PRODUCT_NAME = "$(TARGET_NAME)";
				SWIFT_OBJC_BRIDGING_HEADER = "Konverter/Konverter-Bridging-Header.h";
				SWIFT_OPTIMIZATION_LEVEL = "-Onone";
				SWIFT_VERSION = 5.0;
			};
			name = Debug;
		};
		E894D7B6212BBE9200ABF77E /* Release */ = {
			isa = XCBuildConfiguration;
			buildSettings = {
				ASSETCATALOG_COMPILER_APPICON_NAME = AppIcon;
				CLANG_ENABLE_MODULES = YES;
				CODE_SIGN_ENTITLEMENTS = Konverter/Konverter.entitlements;
				CODE_SIGN_IDENTITY = "-";
				CODE_SIGN_STYLE = Automatic;
				COMBINE_HIDPI_IMAGES = YES;
				CURRENT_PROJECT_VERSION = 1;
				DEVELOPMENT_TEAM = XP8R7F7ZRC;
				INFOPLIST_FILE = Konverter/Info.plist;
				LD_RUNPATH_SEARCH_PATHS = (
					"$(inherited)",
					"@executable_path/../Frameworks",
				);
				LIBRARY_SEARCH_PATHS = (
					"$(inherited)",
					"$(PROJECT_DIR)/Konverter",
				);
				MACOSX_DEPLOYMENT_TARGET = 10.12;
				MARKETING_VERSION = 2.2;
				PRODUCT_BUNDLE_IDENTIFIER = MacOS.Konverter;
				PRODUCT_NAME = "$(TARGET_NAME)";
				SWIFT_OBJC_BRIDGING_HEADER = "Konverter/Konverter-Bridging-Header.h";
				SWIFT_VERSION = 5.0;
			};
			name = Release;
		};
/* End XCBuildConfiguration section */

/* Begin XCConfigurationList section */
		E894D79F212BBE9000ABF77E /* Build configuration list for PBXProject "Konverter" */ = {
			isa = XCConfigurationList;
			buildConfigurations = (
				E894D7B2212BBE9200ABF77E /* Debug */,
				E894D7B3212BBE9200ABF77E /* Release */,
			);
			defaultConfigurationIsVisible = 0;
			defaultConfigurationName = Release;
		};
		E894D7B4212BBE9200ABF77E /* Build configuration list for PBXNativeTarget "Konverter" */ = {
			isa = XCConfigurationList;
			buildConfigurations = (
				E894D7B5212BBE9200ABF77E /* Debug */,
				E894D7B6212BBE9200ABF77E /* Release */,
			);
			defaultConfigurationIsVisible = 0;
			defaultConfigurationName = Release;
		};
/* End XCConfigurationList section */
	};
	rootObject = E894D79C212BBE9000ABF77E /* Project object */;
}
